
Microsoft Visual Studio Solution File, Format Version 12.00
# Visual Studio Version 16
VisualStudioVersion = 16.0.29418.71
MinimumVisualStudioVersion = 10.0.40219.1
Project("{2150E333-8FDC-42A3-9474-1A3956D46DE8}") = "Solution Items", "Solution Items", "{F7DF11CE-7549-4808-B9BE-66CE1BD1F150}"
	ProjectSection(SolutionItems) = preProject
		..\.gitignore = ..\.gitignore
		..\googlea6bd68d4a55b1e59.html = ..\googlea6bd68d4a55b1e59.html
		..\LICENSE = ..\LICENSE
		..\README.md = ..\README.md
		..\TODO.md = ..\TODO.md
		..\EntityFrameworkCore.Testing.Moq.nuspec = ..\EntityFrameworkCore.Testing.Moq.nuspec
		..\EntityFrameworkCore.Testing.NSubstitute.nuspec = ..\EntityFrameworkCore.Testing.NSubstitute.nuspec
		EntityFrameworkCore.Testing.Common\EntityFrameworkCore.Testing.Common.xml = EntityFrameworkCore.Testing.Common\EntityFrameworkCore.Testing.Common.xml
		EntityFrameworkCore.Testing.Moq\EntityFrameworkCore.Testing.Moq.xml = EntityFrameworkCore.Testing.Moq\EntityFrameworkCore.Testing.Moq.xml
		EntityFrameworkCore.Testing.NSubstitute\EntityFrameworkCore.Testing.NSubstitute.xml = EntityFrameworkCore.Testing.NSubstitute\EntityFrameworkCore.Testing.NSubstitute.xml
		..\.github\workflows\continuous-integration-checks.yml = ..\.github\workflows\continuous-integration-checks.yml
	EndProjectSection
EndProject
Project("{9A19103F-16F7-4668-BE54-9A1E7A4F7556}") = "EntityFrameworkCore.Testing.Moq", "EntityFrameworkCore.Testing.Moq\EntityFrameworkCore.Testing.Moq.csproj", "{3A00A558-6614-4D2C-8BC0-A74EFBB8F844}"
EndProject
Project("{9A19103F-16F7-4668-BE54-9A1E7A4F7556}") = "EntityFrameworkCore.Testing.Moq.Tests", "EntityFrameworkCore.Testing.Moq.Tests\EntityFrameworkCore.Testing.Moq.Tests.csproj", "{6567AA47-8E4D-4E69-8075-B8C25DC7F4A4}"
EndProject
Project("{2150E333-8FDC-42A3-9474-1A3956D46DE8}") = "Tests", "Tests", "{5B717CD0-96CD-4862-95EB-80ECCDCD1D07}"
EndProject
Project("{2150E333-8FDC-42A3-9474-1A3956D46DE8}") = "Package Verification", "Package Verification", "{14FCAAB1-10D9-4211-9389-60310E89D99A}"
EndProject
Project("{9A19103F-16F7-4668-BE54-9A1E7A4F7556}") = "EntityFrameworkCore.Testing.Moq.PackageVerification.Tests", "EntityFrameworkCore.Testing.Moq.PackageVerification.Tests\EntityFrameworkCore.Testing.Moq.PackageVerification.Tests.csproj", "{F55BFDD1-179D-46B4-A780-71818BBC3DA1}"
EndProject
Project("{9A19103F-16F7-4668-BE54-9A1E7A4F7556}") = "EntityFrameworkCore.Testing.Common", "EntityFrameworkCore.Testing.Common\EntityFrameworkCore.Testing.Common.csproj", "{F2211544-E6EA-439A-9C31-3972B48B9D5E}"
EndProject
Project("{9A19103F-16F7-4668-BE54-9A1E7A4F7556}") = "EntityFrameworkCore.Testing.Common.Tests", "EntityFrameworkCore.Testing.Common.Tests\EntityFrameworkCore.Testing.Common.Tests.csproj", "{4B97C16B-E27D-4900-A535-6D5AC116B893}"
EndProject
Project("{9A19103F-16F7-4668-BE54-9A1E7A4F7556}") = "EntityFrameworkCore.DefaultBehaviour.Tests", "EntityFrameworkCore.DefaultBehaviour.Tests\EntityFrameworkCore.DefaultBehaviour.Tests.csproj", "{9C08E46C-C902-473F-93E6-FCB89DEC8C97}"
EndProject
Project("{9A19103F-16F7-4668-BE54-9A1E7A4F7556}") = "EntityFrameworkCore.Testing.NSubstitute", "EntityFrameworkCore.Testing.NSubstitute\EntityFrameworkCore.Testing.NSubstitute.csproj", "{B8FF05D5-0D88-45A2-B6C9-7F59277FF05D}"
EndProject
Project("{9A19103F-16F7-4668-BE54-9A1E7A4F7556}") = "EntityFrameworkCore.Testing.NSubstitute.Tests", "EntityFrameworkCore.Testing.NSubstitute.Tests\EntityFrameworkCore.Testing.NSubstitute.Tests.csproj", "{6FA5060B-26FE-4525-BC6A-E57067722533}"
EndProject
Project("{9A19103F-16F7-4668-BE54-9A1E7A4F7556}") = "EntityFrameworkCore.Testing.NSubstitute.PackageVerification.Tests", "EntityFrameworkCore.Testing.NSubstitute.PackageVerification.Tests\EntityFrameworkCore.Testing.NSubstitute.PackageVerification.Tests.csproj", "{E84C0F6C-D5F0-4800-A372-1887AC7DB90C}"
EndProject
Global
	GlobalSection(SolutionConfigurationPlatforms) = preSolution
		Debug|Any CPU = Debug|Any CPU
		Release|Any CPU = Release|Any CPU
	EndGlobalSection
	GlobalSection(ProjectConfigurationPlatforms) = postSolution
		{3A00A558-6614-4D2C-8BC0-A74EFBB8F844}.Debug|Any CPU.ActiveCfg = Debug|Any CPU
		{3A00A558-6614-4D2C-8BC0-A74EFBB8F844}.Debug|Any CPU.Build.0 = Debug|Any CPU
		{3A00A558-6614-4D2C-8BC0-A74EFBB8F844}.Release|Any CPU.ActiveCfg = Release|Any CPU
		{3A00A558-6614-4D2C-8BC0-A74EFBB8F844}.Release|Any CPU.Build.0 = Release|Any CPU
		{6567AA47-8E4D-4E69-8075-B8C25DC7F4A4}.Debug|Any CPU.ActiveCfg = Debug|Any CPU
		{6567AA47-8E4D-4E69-8075-B8C25DC7F4A4}.Debug|Any CPU.Build.0 = Debug|Any CPU
		{6567AA47-8E4D-4E69-8075-B8C25DC7F4A4}.Release|Any CPU.ActiveCfg = Release|Any CPU
		{6567AA47-8E4D-4E69-8075-B8C25DC7F4A4}.Release|Any CPU.Build.0 = Release|Any CPU
		{F55BFDD1-179D-46B4-A780-71818BBC3DA1}.Debug|Any CPU.ActiveCfg = Debug|Any CPU
		{F55BFDD1-179D-46B4-A780-71818BBC3DA1}.Debug|Any CPU.Build.0 = Debug|Any CPU
		{F55BFDD1-179D-46B4-A780-71818BBC3DA1}.Release|Any CPU.ActiveCfg = Release|Any CPU
		{F55BFDD1-179D-46B4-A780-71818BBC3DA1}.Release|Any CPU.Build.0 = Release|Any CPU
		{F2211544-E6EA-439A-9C31-3972B48B9D5E}.Debug|Any CPU.ActiveCfg = Debug|Any CPU
		{F2211544-E6EA-439A-9C31-3972B48B9D5E}.Debug|Any CPU.Build.0 = Debug|Any CPU
		{F2211544-E6EA-439A-9C31-3972B48B9D5E}.Release|Any CPU.ActiveCfg = Release|Any CPU
		{F2211544-E6EA-439A-9C31-3972B48B9D5E}.Release|Any CPU.Build.0 = Release|Any CPU
		{4B97C16B-E27D-4900-A535-6D5AC116B893}.Debug|Any CPU.ActiveCfg = Debug|Any CPU
		{4B97C16B-E27D-4900-A535-6D5AC116B893}.Debug|Any CPU.Build.0 = Debug|Any CPU
		{4B97C16B-E27D-4900-A535-6D5AC116B893}.Release|Any CPU.ActiveCfg = Release|Any CPU
		{4B97C16B-E27D-4900-A535-6D5AC116B893}.Release|Any CPU.Build.0 = Release|Any CPU
		{9C08E46C-C902-473F-93E6-FCB89DEC8C97}.Debug|Any CPU.ActiveCfg = Debug|Any CPU
		{9C08E46C-C902-473F-93E6-FCB89DEC8C97}.Debug|Any CPU.Build.0 = Debug|Any CPU
		{9C08E46C-C902-473F-93E6-FCB89DEC8C97}.Release|Any CPU.ActiveCfg = Release|Any CPU
		{9C08E46C-C902-473F-93E6-FCB89DEC8C97}.Release|Any CPU.Build.0 = Release|Any CPU
		{B8FF05D5-0D88-45A2-B6C9-7F59277FF05D}.Debug|Any CPU.ActiveCfg = Debug|Any CPU
		{B8FF05D5-0D88-45A2-B6C9-7F59277FF05D}.Debug|Any CPU.Build.0 = Debug|Any CPU
		{B8FF05D5-0D88-45A2-B6C9-7F59277FF05D}.Release|Any CPU.ActiveCfg = Release|Any CPU
		{B8FF05D5-0D88-45A2-B6C9-7F59277FF05D}.Release|Any CPU.Build.0 = Release|Any CPU
		{6FA5060B-26FE-4525-BC6A-E57067722533}.Debug|Any CPU.ActiveCfg = Debug|Any CPU
		{6FA5060B-26FE-4525-BC6A-E57067722533}.Debug|Any CPU.Build.0 = Debug|Any CPU
		{6FA5060B-26FE-4525-BC6A-E57067722533}.Release|Any CPU.ActiveCfg = Release|Any CPU
		{6FA5060B-26FE-4525-BC6A-E57067722533}.Release|Any CPU.Build.0 = Release|Any CPU
		{E84C0F6C-D5F0-4800-A372-1887AC7DB90C}.Debug|Any CPU.ActiveCfg = Debug|Any CPU
		{E84C0F6C-D5F0-4800-A372-1887AC7DB90C}.Debug|Any CPU.Build.0 = Debug|Any CPU
		{E84C0F6C-D5F0-4800-A372-1887AC7DB90C}.Release|Any CPU.ActiveCfg = Release|Any CPU
		{E84C0F6C-D5F0-4800-A372-1887AC7DB90C}.Release|Any CPU.Build.0 = Release|Any CPU
	EndGlobalSection
	GlobalSection(SolutionProperties) = preSolution
		HideSolutionNode = FALSE
	EndGlobalSection
	GlobalSection(NestedProjects) = preSolution
		{6567AA47-8E4D-4E69-8075-B8C25DC7F4A4} = {5B717CD0-96CD-4862-95EB-80ECCDCD1D07}
		{F55BFDD1-179D-46B4-A780-71818BBC3DA1} = {14FCAAB1-10D9-4211-9389-60310E89D99A}
		{4B97C16B-E27D-4900-A535-6D5AC116B893} = {5B717CD0-96CD-4862-95EB-80ECCDCD1D07}
		{9C08E46C-C902-473F-93E6-FCB89DEC8C97} = {5B717CD0-96CD-4862-95EB-80ECCDCD1D07}
		{6FA5060B-26FE-4525-BC6A-E57067722533} = {5B717CD0-96CD-4862-95EB-80ECCDCD1D07}
		{E84C0F6C-D5F0-4800-A372-1887AC7DB90C} = {14FCAAB1-10D9-4211-9389-60310E89D99A}
	EndGlobalSection
	GlobalSection(ExtensibilityGlobals) = postSolution
		SolutionGuid = {0E585345-42EF-438B-8212-2C328D36D9AD}
	EndGlobalSection
EndGlobal
